
Microsoft Visual Studio Solution File, Format Version 12.00
# Visual Studio Version 16
VisualStudioVersion = 16.0.30114.105
MinimumVisualStudioVersion = 10.0.40219.1
Project("{FAE04EC0-301F-11D3-BF4B-00C04F79EFBC}") = "DesertCamel.BaseMicroservices.SuperConfig", "DesertCamel.BaseMicroservices.SuperConfig\DesertCamel.BaseMicroservices.SuperConfig.csproj", "{CF5B3D03-735B-45A7-8DAA-FD913DDEE45A}"
EndProject
Global
	GlobalSection(SolutionConfigurationPlatforms) = preSolution
		Debug|Any CPU = Debug|Any CPU
		Release|Any CPU = Release|Any CPU
	EndGlobalSection
	GlobalSection(SolutionProperties) = preSolution
		HideSolutionNode = FALSE
	EndGlobalSection
	GlobalSection(ProjectConfigurationPlatforms) = postSolution
		{CF5B3D03-735B-45A7-8DAA-FD913DDEE45A}.Debug|Any CPU.ActiveCfg = Debug|Any CPU
		{CF5B3D03-735B-45A7-8DAA-FD913DDEE45A}.Debug|Any CPU.Build.0 = Debug|Any CPU
		{CF5B3D03-735B-45A7-8DAA-FD913DDEE45A}.Release|Any CPU.ActiveCfg = Release|Any CPU
		{CF5B3D03-735B-45A7-8DAA-FD913DDEE45A}.Release|Any CPU.Build.0 = Release|Any CPU
	EndGlobalSection
EndGlobal
